PODS:
  - Mapbox-iOS-SDK (3.4.0-alpha.2)
  - Realm (1.0.2):
    - Realm/Headers (= 1.0.2)
  - Realm/Headers (1.0.2)
  - RealmSwift (1.0.2):
    - Realm (= 1.0.2)
  - TQLocationConverter (0.0.1)

DEPENDENCIES:
  - Mapbox-iOS-SDK (from `./`)
  - RealmSwift
  - TQLocationConverter (from `https://github.com/TinyQ/TQLocationConverter.git`)

EXTERNAL SOURCES:
  Mapbox-iOS-SDK:
    :path: ./
  TQLocationConverter:
    :git: https://github.com/TinyQ/TQLocationConverter.git

CHECKOUT OPTIONS:
  TQLocationConverter:
    :commit: bb4495269a41a0fa815ea74c61956caad4bc75fe
    :git: https://github.com/TinyQ/TQLocationConverter.git

SPEC CHECKSUMS:
  Mapbox-iOS-SDK: 5542c1f7f62d8ead745d9026b6bee5f769ba2d97
  Realm: 9d5c46a4d7d27958530a8dfc58f63a99e5c2cba3
  RealmSwift: 82f3ac5e24530143dddfde2033acc0d308f27d96
  TQLocationConverter: 3477d57e1c0e3a8b447ba069a8466cf8b9e27c29

PODFILE CHECKSUM: a2e00cea9712fae6765f75a0e254c7b7b27a54b9

COCOAPODS: 1.0.1
